// !$*UTF8*$!
{
	archiveVersion = 1;
	classes = {
	};
	objectVersion = 52;
	objects = {

/* Begin PBXBuildFile section */
		CD556B6C23E02D64005DCF79 /* PullToRefresh.swift in Sources */ = {isa = PBXBuildFile; fileRef = CD556B6B23E02D64005DCF79 /* PullToRefresh.swift */; };
		CD73E1D3240D025E002D597B /* ListPagination in Frameworks */ = {isa = PBXBuildFile; productRef = CD73E1D2240D025E002D597B /* ListPagination */; };
		CD73E1D9240D3636002D597B /* ParameterView.swift in Sources */ = {isa = PBXBuildFile; fileRef = CD73E1D8240D3636002D597B /* ParameterView.swift */; };
		CD73E1DB240D36AA002D597B /* ParameterViewModel.swift in Sources */ = {isa = PBXBuildFile; fileRef = CD73E1DA240D36AA002D597B /* ParameterViewModel.swift */; };
		CD73E1DD240D37B5002D597B /* ParameterType.swift in Sources */ = {isa = PBXBuildFile; fileRef = CD73E1DC240D37B5002D597B /* ParameterType.swift */; };
		CD73E1E7240D5CFD002D597B /* SavedUsersViewModel.swift in Sources */ = {isa = PBXBuildFile; fileRef = CD73E1E6240D5CFD002D597B /* SavedUsersViewModel.swift */; };
		CD73E1EB240E539B002D597B /* ImagePicker.swift in Sources */ = {isa = PBXBuildFile; fileRef = CD73E1EA240E539B002D597B /* ImagePicker.swift */; };
		CD73E1EE240E54F2002D597B /* ImagePickerCoordinator.swift in Sources */ = {isa = PBXBuildFile; fileRef = CD73E1ED240E54F2002D597B /* ImagePickerCoordinator.swift */; };
		CD73E1F1240E732C002D597B /* Introspect in Frameworks */ = {isa = PBXBuildFile; productRef = CD73E1F0240E732C002D597B /* Introspect */; };
		CD73E1FB240E75AE002D597B /* RealmSwift in Frameworks */ = {isa = PBXBuildFile; productRef = CD73E1FA240E75AE002D597B /* RealmSwift */; };
		CD73E1FD240E75AE002D597B /* Realm in Frameworks */ = {isa = PBXBuildFile; productRef = CD73E1FC240E75AE002D597B /* Realm */; };
		CDABF65024082164009FED31 /* TemporaryImageCache.swift in Sources */ = {isa = PBXBuildFile; fileRef = CDABF64F24082164009FED31 /* TemporaryImageCache.swift */; };
		CDD5340B23DAF537009C4545 /* AppDelegate.swift in Sources */ = {isa = PBXBuildFile; fileRef = CDD5340A23DAF537009C4545 /* AppDelegate.swift */; };
		CDD5340D23DAF537009C4545 /* SceneDelegate.swift in Sources */ = {isa = PBXBuildFile; fileRef = CDD5340C23DAF537009C4545 /* SceneDelegate.swift */; };
		CDD5341123DAF53A009C4545 /* Assets.xcassets in Resources */ = {isa = PBXBuildFile; fileRef = CDD5341023DAF53A009C4545 /* Assets.xcassets */; };
		CDD5341423DAF53A009C4545 /* Preview Assets.xcassets in Resources */ = {isa = PBXBuildFile; fileRef = CDD5341323DAF53A009C4545 /* Preview Assets.xcassets */; };
		CDD5341723DAF53A009C4545 /* LaunchScreen.storyboard in Resources */ = {isa = PBXBuildFile; fileRef = CDD5341523DAF53A009C4545 /* LaunchScreen.storyboard */; };
		CDD5342023DB09C6009C4545 /* AppView.swift in Sources */ = {isa = PBXBuildFile; fileRef = CDD5341F23DB09C6009C4545 /* AppView.swift */; };
		CDD5342223DB09F4009C4545 /* UsersView.swift in Sources */ = {isa = PBXBuildFile; fileRef = CDD5342123DB09F4009C4545 /* UsersView.swift */; };
		CDD5342423DB0A1A009C4545 /* SavedUsersView.swift in Sources */ = {isa = PBXBuildFile; fileRef = CDD5342323DB0A1A009C4545 /* SavedUsersView.swift */; };
		CDD5342723DB0F93009C4545 /* User.swift in Sources */ = {isa = PBXBuildFile; fileRef = CDD5342623DB0F93009C4545 /* User.swift */; };
		CDD5342923DB103A009C4545 /* Name.swift in Sources */ = {isa = PBXBuildFile; fileRef = CDD5342823DB103A009C4545 /* Name.swift */; };
		CDD5342B23DB1060009C4545 /* Picture.swift in Sources */ = {isa = PBXBuildFile; fileRef = CDD5342A23DB1060009C4545 /* Picture.swift */; };
		CDD5342E23DB10B6009C4545 /* RealmProvider.swift in Sources */ = {isa = PBXBuildFile; fileRef = CDD5342D23DB10B6009C4545 /* RealmProvider.swift */; };
		CDD5343523DB1125009C4545 /* String+Extension.swift in Sources */ = {isa = PBXBuildFile; fileRef = CDD5343123DB1125009C4545 /* String+Extension.swift */; };
		CDD5343623DB1125009C4545 /* Path.swift in Sources */ = {isa = PBXBuildFile; fileRef = CDD5343223DB1125009C4545 /* Path.swift */; };
		CDD5343B23DB1291009C4545 /* UserRow.swift in Sources */ = {isa = PBXBuildFile; fileRef = CDD5343A23DB1291009C4545 /* UserRow.swift */; };
		CDD5343E23DEFB40009C4545 /* UsersViewModel.swift in Sources */ = {isa = PBXBuildFile; fileRef = CDD5343D23DEFB40009C4545 /* UsersViewModel.swift */; };
		CDD5344F23DF0832009C4545 /* APIService.swift in Sources */ = {isa = PBXBuildFile; fileRef = CDD5344E23DF0832009C4545 /* APIService.swift */; };
		CDD5345123DF0865009C4545 /* APIServiceError.swift in Sources */ = {isa = PBXBuildFile; fileRef = CDD5345023DF0865009C4545 /* APIServiceError.swift */; };
		CDD5345323DF0918009C4545 /* UsersResponse.swift in Sources */ = {isa = PBXBuildFile; fileRef = CDD5345223DF0918009C4545 /* UsersResponse.swift */; };
		CDD5345523DF095E009C4545 /* UsersRequest.swift in Sources */ = {isa = PBXBuildFile; fileRef = CDD5345423DF095E009C4545 /* UsersRequest.swift */; };
		CDD5345723DF0FAE009C4545 /* RequestType.swift in Sources */ = {isa = PBXBuildFile; fileRef = CDD5345623DF0FAE009C4545 /* RequestType.swift */; };
		CDD5345923DF373A009C4545 /* UserDetailView.swift in Sources */ = {isa = PBXBuildFile; fileRef = CDD5345823DF373A009C4545 /* UserDetailView.swift */; };
		DE063296240C36E9004AAACE /* AvatarView.swift in Sources */ = {isa = PBXBuildFile; fileRef = DE063295240C36E9004AAACE /* AvatarView.swift */; };
		DE063298240C39C6004AAACE /* UserDetailViewModel.swift in Sources */ = {isa = PBXBuildFile; fileRef = DE063297240C39C6004AAACE /* UserDetailViewModel.swift */; };
		DE98E9022416449500251E3E /* IQKeyboardManagerSwift in Frameworks */ = {isa = PBXBuildFile; productRef = DE98E9012416449500251E3E /* IQKeyboardManagerSwift */; };
		DE98E90724167D0800251E3E /* ImageLoader.swift in Sources */ = {isa = PBXBuildFile; fileRef = DE98E90624167D0800251E3E /* ImageLoader.swift */; };
		DE98E90924167D6900251E3E /* AsyncImage.swift in Sources */ = {isa = PBXBuildFile; fileRef = DE98E90824167D6900251E3E /* AsyncImage.swift */; };
		DE98E90B2416826900251E3E /* DefaultImageView.swift in Sources */ = {isa = PBXBuildFile; fileRef = DE98E90A2416826900251E3E /* DefaultImageView.swift */; };
/* End PBXBuildFile section */

/* Begin PBXFileReference section */
		CD556B6B23E02D64005DCF79 /* PullToRefresh.swift */ = {isa = PBXFileReference; lastKnownFileType = sourcecode.swift; path = PullToRefresh.swift; sourceTree = "<group>"; };
		CD73E1D8240D3636002D597B /* ParameterView.swift */ = {isa = PBXFileReference; lastKnownFileType = sourcecode.swift; path = ParameterView.swift; sourceTree = "<group>"; };
		CD73E1DA240D36AA002D597B /* ParameterViewModel.swift */ = {isa = PBXFileReference; lastKnownFileType = sourcecode.swift; path = ParameterViewModel.swift; sourceTree = "<group>"; };
		CD73E1DC240D37B5002D597B /* ParameterType.swift */ = {isa = PBXFileReference; lastKnownFileType = sourcecode.swift; path = ParameterType.swift; sourceTree = "<group>"; };
		CD73E1E6240D5CFD002D597B /* SavedUsersViewModel.swift */ = {isa = PBXFileReference; lastKnownFileType = sourcecode.swift; path = SavedUsersViewModel.swift; sourceTree = "<group>"; };
		CD73E1EA240E539B002D597B /* ImagePicker.swift */ = {isa = PBXFileReference; lastKnownFileType = sourcecode.swift; path = ImagePicker.swift; sourceTree = "<group>"; };
		CD73E1ED240E54F2002D597B /* ImagePickerCoordinator.swift */ = {isa = PBXFileReference; lastKnownFileType = sourcecode.swift; path = ImagePickerCoordinator.swift; sourceTree = "<group>"; };
		CD73E1F2240E7426002D597B /* Realm.framework */ = {isa = PBXFileReference; explicitFileType = wrapper.framework; path = Realm.framework; sourceTree = BUILT_PRODUCTS_DIR; };
		CD73E1F3240E7426002D597B /* RealmSwift.framework */ = {isa = PBXFileReference; explicitFileType = wrapper.framework; path = RealmSwift.framework; sourceTree = BUILT_PRODUCTS_DIR; };
		CDABF64F24082164009FED31 /* TemporaryImageCache.swift */ = {isa = PBXFileReference; lastKnownFileType = sourcecode.swift; path = TemporaryImageCache.swift; sourceTree = "<group>"; };
		CDD5340723DAF537009C4545 /* UserListSwiftUI.app */ = {isa = PBXFileReference; explicitFileType = wrapper.application; includeInIndex = 0; path = UserListSwiftUI.app; sourceTree = BUILT_PRODUCTS_DIR; };
		CDD5340A23DAF537009C4545 /* AppDelegate.swift */ = {isa = PBXFileReference; lastKnownFileType = sourcecode.swift; path = AppDelegate.swift; sourceTree = "<group>"; };
		CDD5340C23DAF537009C4545 /* SceneDelegate.swift */ = {isa = PBXFileReference; lastKnownFileType = sourcecode.swift; path = SceneDelegate.swift; sourceTree = "<group>"; };
		CDD5341023DAF53A009C4545 /* Assets.xcassets */ = {isa = PBXFileReference; lastKnownFileType = folder.assetcatalog; path = Assets.xcassets; sourceTree = "<group>"; };
		CDD5341323DAF53A009C4545 /* Preview Assets.xcassets */ = {isa = PBXFileReference; lastKnownFileType = folder.assetcatalog; path = "Preview Assets.xcassets"; sourceTree = "<group>"; };
		CDD5341623DAF53A009C4545 /* Base */ = {isa = PBXFileReference; lastKnownFileType = file.storyboard; name = Base; path = Base.lproj/LaunchScreen.storyboard; sourceTree = "<group>"; };
		CDD5341823DAF53A009C4545 /* Info.plist */ = {isa = PBXFileReference; lastKnownFileType = text.plist.xml; path = Info.plist; sourceTree = "<group>"; };
		CDD5341F23DB09C6009C4545 /* AppView.swift */ = {isa = PBXFileReference; lastKnownFileType = sourcecode.swift; path = AppView.swift; sourceTree = "<group>"; };
		CDD5342123DB09F4009C4545 /* UsersView.swift */ = {isa = PBXFileReference; lastKnownFileType = sourcecode.swift; path = UsersView.swift; sourceTree = "<group>"; };
		CDD5342323DB0A1A009C4545 /* SavedUsersView.swift */ = {isa = PBXFileReference; lastKnownFileType = sourcecode.swift; path = SavedUsersView.swift; sourceTree = "<group>"; };
		CDD5342623DB0F93009C4545 /* User.swift */ = {isa = PBXFileReference; lastKnownFileType = sourcecode.swift; path = User.swift; sourceTree = "<group>"; };
		CDD5342823DB103A009C4545 /* Name.swift */ = {isa = PBXFileReference; lastKnownFileType = sourcecode.swift; path = Name.swift; sourceTree = "<group>"; };
		CDD5342A23DB1060009C4545 /* Picture.swift */ = {isa = PBXFileReference; lastKnownFileType = sourcecode.swift; path = Picture.swift; sourceTree = "<group>"; };
		CDD5342D23DB10B6009C4545 /* RealmProvider.swift */ = {isa = PBXFileReference; lastKnownFileType = sourcecode.swift; path = RealmProvider.swift; sourceTree = "<group>"; };
		CDD5343123DB1125009C4545 /* String+Extension.swift */ = {isa = PBXFileReference; fileEncoding = 4; lastKnownFileType = sourcecode.swift; path = "String+Extension.swift"; sourceTree = "<group>"; };
		CDD5343223DB1125009C4545 /* Path.swift */ = {isa = PBXFileReference; fileEncoding = 4; lastKnownFileType = sourcecode.swift; path = Path.swift; sourceTree = "<group>"; };
		CDD5343A23DB1291009C4545 /* UserRow.swift */ = {isa = PBXFileReference; lastKnownFileType = sourcecode.swift; path = UserRow.swift; sourceTree = "<group>"; };
		CDD5343D23DEFB40009C4545 /* UsersViewModel.swift */ = {isa = PBXFileReference; lastKnownFileType = sourcecode.swift; path = UsersViewModel.swift; sourceTree = "<group>"; };
		CDD5344E23DF0832009C4545 /* APIService.swift */ = {isa = PBXFileReference; lastKnownFileType = sourcecode.swift; path = APIService.swift; sourceTree = "<group>"; };
		CDD5345023DF0865009C4545 /* APIServiceError.swift */ = {isa = PBXFileReference; lastKnownFileType = sourcecode.swift; path = APIServiceError.swift; sourceTree = "<group>"; };
		CDD5345223DF0918009C4545 /* UsersResponse.swift */ = {isa = PBXFileReference; lastKnownFileType = sourcecode.swift; path = UsersResponse.swift; sourceTree = "<group>"; };
		CDD5345423DF095E009C4545 /* UsersRequest.swift */ = {isa = PBXFileReference; lastKnownFileType = sourcecode.swift; path = UsersRequest.swift; sourceTree = "<group>"; };
		CDD5345623DF0FAE009C4545 /* RequestType.swift */ = {isa = PBXFileReference; lastKnownFileType = sourcecode.swift; path = RequestType.swift; sourceTree = "<group>"; };
		CDD5345823DF373A009C4545 /* UserDetailView.swift */ = {isa = PBXFileReference; lastKnownFileType = sourcecode.swift; path = UserDetailView.swift; sourceTree = "<group>"; };
		DE063295240C36E9004AAACE /* AvatarView.swift */ = {isa = PBXFileReference; lastKnownFileType = sourcecode.swift; path = AvatarView.swift; sourceTree = "<group>"; };
		DE063297240C39C6004AAACE /* UserDetailViewModel.swift */ = {isa = PBXFileReference; lastKnownFileType = sourcecode.swift; path = UserDetailViewModel.swift; sourceTree = "<group>"; };
		DE98E90624167D0800251E3E /* ImageLoader.swift */ = {isa = PBXFileReference; lastKnownFileType = sourcecode.swift; path = ImageLoader.swift; sourceTree = "<group>"; };
		DE98E90824167D6900251E3E /* AsyncImage.swift */ = {isa = PBXFileReference; lastKnownFileType = sourcecode.swift; path = AsyncImage.swift; sourceTree = "<group>"; };
		DE98E90A2416826900251E3E /* DefaultImageView.swift */ = {isa = PBXFileReference; lastKnownFileType = sourcecode.swift; path = DefaultImageView.swift; sourceTree = "<group>"; };
/* End PBXFileReference section */

/* Begin PBXFrameworksBuildPhase section */
		CDD5340423DAF537009C4545 /* Frameworks */ = {
			isa = PBXFrameworksBuildPhase;
			buildActionMask = 2147483647;
			files = (
				DE98E9022416449500251E3E /* IQKeyboardManagerSwift in Frameworks */,
				CD73E1FB240E75AE002D597B /* RealmSwift in Frameworks */,
				CD73E1D3240D025E002D597B /* ListPagination in Frameworks */,
				CD73E1F1240E732C002D597B /* Introspect in Frameworks */,
				CD73E1FD240E75AE002D597B /* Realm in Frameworks */,
			);
			runOnlyForDeploymentPostprocessing = 0;
		};
/* End PBXFrameworksBuildPhase section */

/* Begin PBXGroup section */
		B98FE21E601FF05CFDE529F2 /* Pods */ = {
			isa = PBXGroup;
			children = (
			);
			path = Pods;
			sourceTree = "<group>";
		};
		CD73E1E8240E509B002D597B /* Avatar */ = {
			isa = PBXGroup;
			children = (
				DE063295240C36E9004AAACE /* AvatarView.swift */,
			);
			path = Avatar;
			sourceTree = "<group>";
		};
		CD73E1E9240E50AA002D597B /* Parameter */ = {
			isa = PBXGroup;
			children = (
				CD73E1D8240D3636002D597B /* ParameterView.swift */,
				CD73E1DA240D36AA002D597B /* ParameterViewModel.swift */,
				CD73E1DC240D37B5002D597B /* ParameterType.swift */,
			);
			path = Parameter;
			sourceTree = "<group>";
		};
		CD73E1EC240E54DB002D597B /* ImagePicker */ = {
			isa = PBXGroup;
			children = (
				CD73E1EA240E539B002D597B /* ImagePicker.swift */,
				CD73E1ED240E54F2002D597B /* ImagePickerCoordinator.swift */,
			);
			path = ImagePicker;
			sourceTree = "<group>";
		};
		CDABF651240825BD009FED31 /* API */ = {
			isa = PBXGroup;
			children = (
				CDD5344E23DF0832009C4545 /* APIService.swift */,
				CDD5345023DF0865009C4545 /* APIServiceError.swift */,
				CDD5345423DF095E009C4545 /* UsersRequest.swift */,
				CDD5345623DF0FAE009C4545 /* RequestType.swift */,
			);
			path = API;
			sourceTree = "<group>";
		};
		CDABF653240825D9009FED31 /* Realm */ = {
			isa = PBXGroup;
			children = (
				CDD5342D23DB10B6009C4545 /* RealmProvider.swift */,
			);
			path = Realm;
			sourceTree = "<group>";
		};
		CDABF654240825EB009FED31 /* Modules */ = {
			isa = PBXGroup;
			children = (
				CDABF65924082770009FED31 /* DetailUser */,
				CDABF65824082767009FED31 /* SavedUsers */,
				CDABF65724082714009FED31 /* Users */,
			);
			path = Modules;
			sourceTree = "<group>";
		};
		CDABF6552408264C009FED31 /* Resources */ = {
			isa = PBXGroup;
			children = (
				CDD5341023DAF53A009C4545 /* Assets.xcassets */,
			);
			path = Resources;
			sourceTree = "<group>";
		};
		CDABF6562408265B009FED31 /* Application */ = {
			isa = PBXGroup;
			children = (
				CDD5341F23DB09C6009C4545 /* AppView.swift */,
				CDD5340A23DAF537009C4545 /* AppDelegate.swift */,
				CDD5340C23DAF537009C4545 /* SceneDelegate.swift */,
				CDD5341523DAF53A009C4545 /* LaunchScreen.storyboard */,
				CDD5341823DAF53A009C4545 /* Info.plist */,
			);
			path = Application;
			sourceTree = "<group>";
		};
		CDABF65724082714009FED31 /* Users */ = {
			isa = PBXGroup;
			children = (
				CDD5343D23DEFB40009C4545 /* UsersViewModel.swift */,
				CDD5342123DB09F4009C4545 /* UsersView.swift */,
				CDD5343A23DB1291009C4545 /* UserRow.swift */,
			);
			path = Users;
			sourceTree = "<group>";
		};
		CDABF65824082767009FED31 /* SavedUsers */ = {
			isa = PBXGroup;
			children = (
				CDD5342323DB0A1A009C4545 /* SavedUsersView.swift */,
				CD73E1E6240D5CFD002D597B /* SavedUsersViewModel.swift */,
			);
			path = SavedUsers;
			sourceTree = "<group>";
		};
		CDABF65924082770009FED31 /* DetailUser */ = {
			isa = PBXGroup;
			children = (
				CD73E1E9240E50AA002D597B /* Parameter */,
				CD73E1E8240E509B002D597B /* Avatar */,
				CDD5345823DF373A009C4545 /* UserDetailView.swift */,
				DE063297240C39C6004AAACE /* UserDetailViewModel.swift */,
			);
			path = DetailUser;
			sourceTree = "<group>";
		};
		CDABF65B240827AA009FED31 /* UILayer */ = {
			isa = PBXGroup;
			children = (
				CD73E1EC240E54DB002D597B /* ImagePicker */,
				CD556B6B23E02D64005DCF79 /* PullToRefresh.swift */,
			);
			path = UILayer;
			sourceTree = "<group>";
		};
		CDD533FE23DAF537009C4545 = {
			isa = PBXGroup;
			children = (
				CDD5340923DAF537009C4545 /* UserListSwiftUI */,
				CDD5340823DAF537009C4545 /* Products */,
				B98FE21E601FF05CFDE529F2 /* Pods */,
				E61FB3BD11D8F8643838DAB8 /* Frameworks */,
			);
			sourceTree = "<group>";
		};
		CDD5340823DAF537009C4545 /* Products */ = {
			isa = PBXGroup;
			children = (
				CDD5340723DAF537009C4545 /* UserListSwiftUI.app */,
			);
			name = Products;
			sourceTree = "<group>";
		};
		CDD5340923DAF537009C4545 /* UserListSwiftUI */ = {
			isa = PBXGroup;
			children = (
				CDABF6562408265B009FED31 /* Application */,
				CDD5342F23DB1125009C4545 /* Extensions */,
				CDD5342523DB0F71009C4545 /* Models */,
				CDABF654240825EB009FED31 /* Modules */,
				CDD5341223DAF53A009C4545 /* Preview Content */,
				CDABF6552408264C009FED31 /* Resources */,
				CDD5344D23DF0804009C4545 /* Services */,
				CDABF65B240827AA009FED31 /* UILayer */,
			);
			path = UserListSwiftUI;
			sourceTree = "<group>";
		};
		CDD5341223DAF53A009C4545 /* Preview Content */ = {
			isa = PBXGroup;
			children = (
				CDD5341323DAF53A009C4545 /* Preview Assets.xcassets */,
			);
			path = "Preview Content";
			sourceTree = "<group>";
		};
		CDD5342523DB0F71009C4545 /* Models */ = {
			isa = PBXGroup;
			children = (
				CDD5342623DB0F93009C4545 /* User.swift */,
				CDD5342823DB103A009C4545 /* Name.swift */,
				CDD5342A23DB1060009C4545 /* Picture.swift */,
				CDD5345223DF0918009C4545 /* UsersResponse.swift */,
			);
			path = Models;
			sourceTree = "<group>";
		};
		CDD5342F23DB1125009C4545 /* Extensions */ = {
			isa = PBXGroup;
			children = (
				CDD5343123DB1125009C4545 /* String+Extension.swift */,
				CDD5343223DB1125009C4545 /* Path.swift */,
			);
			path = Extensions;
			sourceTree = "<group>";
		};
		CDD5344D23DF0804009C4545 /* Services */ = {
			isa = PBXGroup;
			children = (
				DE98E90524167CF400251E3E /* ImageLoader */,
				CDABF653240825D9009FED31 /* Realm */,
				CDABF651240825BD009FED31 /* API */,
			);
			path = Services;
			sourceTree = "<group>";
		};
		DE98E90524167CF400251E3E /* ImageLoader */ = {
			isa = PBXGroup;
			children = (
				DE98E90624167D0800251E3E /* ImageLoader.swift */,
				DE98E90824167D6900251E3E /* AsyncImage.swift */,
				DE98E90A2416826900251E3E /* DefaultImageView.swift */,
				CDABF64F24082164009FED31 /* TemporaryImageCache.swift */,
			);
			path = ImageLoader;
			sourceTree = "<group>";
		};
		E61FB3BD11D8F8643838DAB8 /* Frameworks */ = {
			isa = PBXGroup;
			children = (
				CD73E1F2240E7426002D597B /* Realm.framework */,
				CD73E1F3240E7426002D597B /* RealmSwift.framework */,
			);
			name = Frameworks;
			sourceTree = "<group>";
		};
/* End PBXGroup section */

/* Begin PBXNativeTarget section */
		CDD5340623DAF537009C4545 /* UserListSwiftUI */ = {
			isa = PBXNativeTarget;
			buildConfigurationList = CDD5341B23DAF53A009C4545 /* Build configuration list for PBXNativeTarget "UserListSwiftUI" */;
			buildPhases = (
				CDD5340323DAF537009C4545 /* Sources */,
				CDD5340423DAF537009C4545 /* Frameworks */,
				CDD5340523DAF537009C4545 /* Resources */,
			);
			buildRules = (
			);
			dependencies = (
			);
			name = UserListSwiftUI;
			packageProductDependencies = (
				CD73E1D2240D025E002D597B /* ListPagination */,
				CD73E1F0240E732C002D597B /* Introspect */,
				CD73E1FA240E75AE002D597B /* RealmSwift */,
				CD73E1FC240E75AE002D597B /* Realm */,
				DE98E9012416449500251E3E /* IQKeyboardManagerSwift */,
			);
			productName = UserListSwiftUI;
			productReference = CDD5340723DAF537009C4545 /* UserListSwiftUI.app */;
			productType = "com.apple.product-type.application";
		};
/* End PBXNativeTarget section */

/* Begin PBXProject section */
		CDD533FF23DAF537009C4545 /* Project object */ = {
			isa = PBXProject;
			attributes = {
				LastSwiftUpdateCheck = 1130;
				LastUpgradeCheck = 1130;
				ORGANIZATIONNAME = "Yurii Chudnovets";
				TargetAttributes = {
					CDD5340623DAF537009C4545 = {
						CreatedOnToolsVersion = 11.3.1;
					};
				};
			};
			buildConfigurationList = CDD5340223DAF537009C4545 /* Build configuration list for PBXProject "UserListSwiftUI" */;
			compatibilityVersion = "Xcode 9.3";
			developmentRegion = en;
			hasScannedForEncodings = 0;
			knownRegions = (
				en,
				Base,
			);
			mainGroup = CDD533FE23DAF537009C4545;
			packageReferences = (
				CD73E1D1240D025E002D597B /* XCRemoteSwiftPackageReference "ListPagination" */,
				CD73E1EF240E732C002D597B /* XCRemoteSwiftPackageReference "SwiftUI-Introspect" */,
				CD73E1F9240E75AE002D597B /* XCRemoteSwiftPackageReference "realm-cocoa" */,
				DE98E9002416449500251E3E /* XCRemoteSwiftPackageReference "IQKeyboardManager" */,
			);
			productRefGroup = CDD5340823DAF537009C4545 /* Products */;
			projectDirPath = "";
			projectRoot = "";
			targets = (
				CDD5340623DAF537009C4545 /* UserListSwiftUI */,
			);
		};
/* End PBXProject section */

/* Begin PBXResourcesBuildPhase section */
		CDD5340523DAF537009C4545 /* Resources */ = {
			isa = PBXResourcesBuildPhase;
			buildActionMask = 2147483647;
			files = (
				CDD5341723DAF53A009C4545 /* LaunchScreen.storyboard in Resources */,
				CDD5341423DAF53A009C4545 /* Preview Assets.xcassets in Resources */,
				CDD5341123DAF53A009C4545 /* Assets.xcassets in Resources */,
			);
			runOnlyForDeploymentPostprocessing = 0;
		};
/* End PBXResourcesBuildPhase section */

/* Begin PBXSourcesBuildPhase section */
		CDD5340323DAF537009C4545 /* Sources */ = {
			isa = PBXSourcesBuildPhase;
			buildActionMask = 2147483647;
			files = (
				CDD5342B23DB1060009C4545 /* Picture.swift in Sources */,
				CDD5342223DB09F4009C4545 /* UsersView.swift in Sources */,
				CDD5345723DF0FAE009C4545 /* RequestType.swift in Sources */,
				CD556B6C23E02D64005DCF79 /* PullToRefresh.swift in Sources */,
				CD73E1DB240D36AA002D597B /* ParameterViewModel.swift in Sources */,
				DE98E90924167D6900251E3E /* AsyncImage.swift in Sources */,
				CD73E1E7240D5CFD002D597B /* SavedUsersViewModel.swift in Sources */,
				CDD5344F23DF0832009C4545 /* APIService.swift in Sources */,
				CDD5345323DF0918009C4545 /* UsersResponse.swift in Sources */,
				CD73E1EE240E54F2002D597B /* ImagePickerCoordinator.swift in Sources */,
				CD73E1D9240D3636002D597B /* ParameterView.swift in Sources */,
				CDD5342023DB09C6009C4545 /* AppView.swift in Sources */,
				CDD5340B23DAF537009C4545 /* AppDelegate.swift in Sources */,
				DE063298240C39C6004AAACE /* UserDetailViewModel.swift in Sources */,
				DE98E90724167D0800251E3E /* ImageLoader.swift in Sources */,
				CDD5343523DB1125009C4545 /* String+Extension.swift in Sources */,
				CDD5342E23DB10B6009C4545 /* RealmProvider.swift in Sources */,
				CDD5345523DF095E009C4545 /* UsersRequest.swift in Sources */,
				CDD5345923DF373A009C4545 /* UserDetailView.swift in Sources */,
				CDD5340D23DAF537009C4545 /* SceneDelegate.swift in Sources */,
				CD73E1EB240E539B002D597B /* ImagePicker.swift in Sources */,
				CDABF65024082164009FED31 /* TemporaryImageCache.swift in Sources */,
				CD73E1DD240D37B5002D597B /* ParameterType.swift in Sources */,
				DE063296240C36E9004AAACE /* AvatarView.swift in Sources */,
				CDD5342423DB0A1A009C4545 /* SavedUsersView.swift in Sources */,
				CDD5343623DB1125009C4545 /* Path.swift in Sources */,
				CDD5345123DF0865009C4545 /* APIServiceError.swift in Sources */,
				CDD5343B23DB1291009C4545 /* UserRow.swift in Sources */,
				CDD5343E23DEFB40009C4545 /* UsersViewModel.swift in Sources */,
				DE98E90B2416826900251E3E /* DefaultImageView.swift in Sources */,
				CDD5342923DB103A009C4545 /* Name.swift in Sources */,
				CDD5342723DB0F93009C4545 /* User.swift in Sources */,
			);
			runOnlyForDeploymentPostprocessing = 0;
		};
/* End PBXSourcesBuildPhase section */

/* Begin PBXVariantGroup section */
		CDD5341523DAF53A009C4545 /* LaunchScreen.storyboard */ = {
			isa = PBXVariantGroup;
			children = (
				CDD5341623DAF53A009C4545 /* Base */,
			);
			name = LaunchScreen.storyboard;
			sourceTree = "<group>";
		};
/* End PBXVariantGroup section */

/* Begin XCBuildConfiguration section */
		CDD5341923DAF53A009C4545 /* Debug */ = {
			isa = XCBuildConfiguration;
			buildSettings = {
				ALWAYS_SEARCH_USER_PATHS = NO;
				CLANG_ANALYZER_NONNULL = YES;
				CLANG_ANALYZER_NUMBER_OBJECT_CONVERSION = YES_AGGRESSIVE;
				CLANG_CXX_LANGUAGE_STANDARD = "gnu++14";
				CLANG_CXX_LIBRARY = "libc++";
				CLANG_ENABLE_MODULES = YES;
				CLANG_ENABLE_OBJC_ARC = YES;
				CLANG_ENABLE_OBJC_WEAK = YES;
				CLANG_WARN_BLOCK_CAPTURE_AUTORELEASING = YES;
				CLANG_WARN_BOOL_CONVERSION = YES;
				CLANG_WARN_COMMA = YES;
				CLANG_WARN_CONSTANT_CONVERSION = YES;
				CLANG_WARN_DEPRECATED_OBJC_IMPLEMENTATIONS = YES;
				CLANG_WARN_DIRECT_OBJC_ISA_USAGE = YES_ERROR;
				CLANG_WARN_DOCUMENTATION_COMMENTS = YES;
				CLANG_WARN_EMPTY_BODY = YES;
				CLANG_WARN_ENUM_CONVERSION = YES;
				CLANG_WARN_INFINITE_RECURSION = YES;
				CLANG_WARN_INT_CONVERSION = YES;
				CLANG_WARN_NON_LITERAL_NULL_CONVERSION = YES;
				CLANG_WARN_OBJC_IMPLICIT_RETAIN_SELF = YES;
				CLANG_WARN_OBJC_LITERAL_CONVERSION = YES;
				CLANG_WARN_OBJC_ROOT_CLASS = YES_ERROR;
				CLANG_WARN_RANGE_LOOP_ANALYSIS = YES;
				CLANG_WARN_STRICT_PROTOTYPES = YES;
				CLANG_WARN_SUSPICIOUS_MOVE = YES;
				CLANG_WARN_UNGUARDED_AVAILABILITY = YES_AGGRESSIVE;
				CLANG_WARN_UNREACHABLE_CODE = YES;
				CLANG_WARN__DUPLICATE_METHOD_MATCH = YES;
				COPY_PHASE_STRIP = NO;
				DEBUG_INFORMATION_FORMAT = dwarf;
				ENABLE_STRICT_OBJC_MSGSEND = YES;
				ENABLE_TESTABILITY = YES;
				GCC_C_LANGUAGE_STANDARD = gnu11;
				GCC_DYNAMIC_NO_PIC = NO;
				GCC_NO_COMMON_BLOCKS = YES;
				GCC_OPTIMIZATION_LEVEL = 0;
				GCC_PREPROCESSOR_DEFINITIONS = (
					"DEBUG=1",
					"$(inherited)",
				);
				GCC_WARN_64_TO_32_BIT_CONVERSION = YES;
				GCC_WARN_ABOUT_RETURN_TYPE = YES_ERROR;
				GCC_WARN_UNDECLARED_SELECTOR = YES;
				GCC_WARN_UNINITIALIZED_AUTOS = YES_AGGRESSIVE;
				GCC_WARN_UNUSED_FUNCTION = YES;
				GCC_WARN_UNUSED_VARIABLE = YES;
				IPHONEOS_DEPLOYMENT_TARGET = 13.2;
				MTL_ENABLE_DEBUG_INFO = INCLUDE_SOURCE;
				MTL_FAST_MATH = YES;
				ONLY_ACTIVE_ARCH = YES;
				SDKROOT = iphoneos;
				SWIFT_ACTIVE_COMPILATION_CONDITIONS = DEBUG;
				SWIFT_OPTIMIZATION_LEVEL = "-Onone";
			};
			name = Debug;
		};
		CDD5341A23DAF53A009C4545 /* Release */ = {
			isa = XCBuildConfiguration;
			buildSettings = {
				ALWAYS_SEARCH_USER_PATHS = NO;
				CLANG_ANALYZER_NONNULL = YES;
				CLANG_ANALYZER_NUMBER_OBJECT_CONVERSION = YES_AGGRESSIVE;
				CLANG_CXX_LANGUAGE_STANDARD = "gnu++14";
				CLANG_CXX_LIBRARY = "libc++";
				CLANG_ENABLE_MODULES = YES;
				CLANG_ENABLE_OBJC_ARC = YES;
				CLANG_ENABLE_OBJC_WEAK = YES;
				CLANG_WARN_BLOCK_CAPTURE_AUTORELEASING = YES;
				CLANG_WARN_BOOL_CONVERSION = YES;
				CLANG_WARN_COMMA = YES;
				CLANG_WARN_CONSTANT_CONVERSION = YES;
				CLANG_WARN_DEPRECATED_OBJC_IMPLEMENTATIONS = YES;
				CLANG_WARN_DIRECT_OBJC_ISA_USAGE = YES_ERROR;
				CLANG_WARN_DOCUMENTATION_COMMENTS = YES;
				CLANG_WARN_EMPTY_BODY = YES;
				CLANG_WARN_ENUM_CONVERSION = YES;
				CLANG_WARN_INFINITE_RECURSION = YES;
				CLANG_WARN_INT_CONVERSION = YES;
				CLANG_WARN_NON_LITERAL_NULL_CONVERSION = YES;
				CLANG_WARN_OBJC_IMPLICIT_RETAIN_SELF = YES;
				CLANG_WARN_OBJC_LITERAL_CONVERSION = YES;
				CLANG_WARN_OBJC_ROOT_CLASS = YES_ERROR;
				CLANG_WARN_RANGE_LOOP_ANALYSIS = YES;
				CLANG_WARN_STRICT_PROTOTYPES = YES;
				CLANG_WARN_SUSPICIOUS_MOVE = YES;
				CLANG_WARN_UNGUARDED_AVAILABILITY = YES_AGGRESSIVE;
				CLANG_WARN_UNREACHABLE_CODE = YES;
				CLANG_WARN__DUPLICATE_METHOD_MATCH = YES;
				COPY_PHASE_STRIP = NO;
				DEBUG_INFORMATION_FORMAT = "dwarf-with-dsym";
				ENABLE_NS_ASSERTIONS = NO;
				ENABLE_STRICT_OBJC_MSGSEND = YES;
				GCC_C_LANGUAGE_STANDARD = gnu11;
				GCC_NO_COMMON_BLOCKS = YES;
				GCC_WARN_64_TO_32_BIT_CONVERSION = YES;
				GCC_WARN_ABOUT_RETURN_TYPE = YES_ERROR;
				GCC_WARN_UNDECLARED_SELECTOR = YES;
				GCC_WARN_UNINITIALIZED_AUTOS = YES_AGGRESSIVE;
				GCC_WARN_UNUSED_FUNCTION = YES;
				GCC_WARN_UNUSED_VARIABLE = YES;
				IPHONEOS_DEPLOYMENT_TARGET = 13.2;
				MTL_ENABLE_DEBUG_INFO = NO;
				MTL_FAST_MATH = YES;
				SDKROOT = iphoneos;
				SWIFT_COMPILATION_MODE = wholemodule;
				SWIFT_OPTIMIZATION_LEVEL = "-O";
				VALIDATE_PRODUCT = YES;
			};
			name = Release;
		};
		CDD5341C23DAF53A009C4545 /* Debug */ = {
			isa = XCBuildConfiguration;
			buildSettings = {
				ASSETCATALOG_COMPILER_APPICON_NAME = AppIcon;
				CODE_SIGN_STYLE = Automatic;
				DEVELOPMENT_ASSET_PATHS = "\"UserListSwiftUI/Preview Content\"";
				DEVELOPMENT_TEAM = VWAQ64T25E;
				ENABLE_PREVIEWS = YES;
				INFOPLIST_FILE = UserListSwiftUI/Application/Info.plist;
				LD_RUNPATH_SEARCH_PATHS = (
					"$(inherited)",
					"@executable_path/Frameworks",
				);
				PRODUCT_BUNDLE_IDENTIFIER = com.tfm.UserListSwiftUI;
				PRODUCT_NAME = "$(TARGET_NAME)";
				SWIFT_VERSION = 5.0;
				TARGETED_DEVICE_FAMILY = "1,2";
			};
			name = Debug;
		};
		CDD5341D23DAF53A009C4545 /* Release */ = {
			isa = XCBuildConfiguration;
			buildSettings = {
				ASSETCATALOG_COMPILER_APPICON_NAME = AppIcon;
				CODE_SIGN_STYLE = Automatic;
				DEVELOPMENT_ASSET_PATHS = "\"UserListSwiftUI/Preview Content\"";
				DEVELOPMENT_TEAM = VWAQ64T25E;
				ENABLE_PREVIEWS = YES;
				INFOPLIST_FILE = UserListSwiftUI/Application/Info.plist;
				LD_RUNPATH_SEARCH_PATHS = (
					"$(inherited)",
					"@executable_path/Frameworks",
				);
				PRODUCT_BUNDLE_IDENTIFIER = com.tfm.UserListSwiftUI;
				PRODUCT_NAME = "$(TARGET_NAME)";
				SWIFT_VERSION = 5.0;
				TARGETED_DEVICE_FAMILY = "1,2";
			};
			name = Release;
		};
/* End XCBuildConfiguration section */

/* Begin XCConfigurationList section */
		CDD5340223DAF537009C4545 /* Build configuration list for PBXProject "UserListSwiftUI" */ = {
			isa = XCConfigurationList;
			buildConfigurations = (
				CDD5341923DAF53A009C4545 /* Debug */,
				CDD5341A23DAF53A009C4545 /* Release */,
			);
			defaultConfigurationIsVisible = 0;
			defaultConfigurationName = Release;
		};
		CDD5341B23DAF53A009C4545 /* Build configuration list for PBXNativeTarget "UserListSwiftUI" */ = {
			isa = XCConfigurationList;
			buildConfigurations = (
				CDD5341C23DAF53A009C4545 /* Debug */,
				CDD5341D23DAF53A009C4545 /* Release */,
			);
			defaultConfigurationIsVisible = 0;
			defaultConfigurationName = Release;
		};
/* End XCConfigurationList section */

/* Begin XCRemoteSwiftPackageReference section */
		CD73E1D1240D025E002D597B /* XCRemoteSwiftPackageReference "ListPagination" */ = {
			isa = XCRemoteSwiftPackageReference;
			repositoryURL = "https://github.com/crelies/ListPagination.git";
			requirement = {
				kind = upToNextMinorVersion;
				minimumVersion = 0.1.1;
			};
		};
		CD73E1EF240E732C002D597B /* XCRemoteSwiftPackageReference "SwiftUI-Introspect" */ = {
			isa = XCRemoteSwiftPackageReference;
			repositoryURL = "https://github.com/siteline/SwiftUI-Introspect.git";
			requirement = {
				kind = upToNextMajorVersion;
				minimumVersion = 0.1.0;
			};
		};
		CD73E1F9240E75AE002D597B /* XCRemoteSwiftPackageReference "realm-cocoa" */ = {
			isa = XCRemoteSwiftPackageReference;
			repositoryURL = "https://github.com/realm/realm-cocoa";
			requirement = {
				kind = upToNextMajorVersion;
				minimumVersion = 4.3.2;
			};
		};
		DE98E9002416449500251E3E /* XCRemoteSwiftPackageReference "IQKeyboardManager" */ = {
			isa = XCRemoteSwiftPackageReference;
			repositoryURL = "https://github.com/hackiftekhar/IQKeyboardManager.git";
			requirement = {
				kind = upToNextMajorVersion;
				minimumVersion = 6.5.5;
			};
		};
/* End XCRemoteSwiftPackageReference section */

/* Begin XCSwiftPackageProductDependency section */
		CD73E1D2240D025E002D597B /* ListPagination */ = {
			isa = XCSwiftPackageProductDependency;
			package = CD73E1D1240D025E002D597B /* XCRemoteSwiftPackageReference "ListPagination" */;
			productName = ListPagination;
		};
		CD73E1F0240E732C002D597B /* Introspect */ = {
			isa = XCSwiftPackageProductDependency;
			package = CD73E1EF240E732C002D597B /* XCRemoteSwiftPackageReference "SwiftUI-Introspect" */;
			productName = Introspect;
		};
		CD73E1FA240E75AE002D597B /* RealmSwift */ = {
			isa = XCSwiftPackageProductDependency;
			package = CD73E1F9240E75AE002D597B /* XCRemoteSwiftPackageReference "realm-cocoa" */;
			productName = RealmSwift;
		};
		CD73E1FC240E75AE002D597B /* Realm */ = {
			isa = XCSwiftPackageProductDependency;
			package = CD73E1F9240E75AE002D597B /* XCRemoteSwiftPackageReference "realm-cocoa" */;
			productName = Realm;
		};
		DE98E9012416449500251E3E /* IQKeyboardManagerSwift */ = {
			isa = XCSwiftPackageProductDependency;
			package = DE98E9002416449500251E3E /* XCRemoteSwiftPackageReference "IQKeyboardManager" */;
			productName = IQKeyboardManagerSwift;
		};
/* End XCSwiftPackageProductDependency section */
	};
	rootObject = CDD533FF23DAF537009C4545 /* Project object */;
}
